
Microsoft Visual Studio Solution File, Format Version 12.00
# Visual Studio Version 17
VisualStudioVersion = 17.2.32526.322
MinimumVisualStudioVersion = 10.0.40219.1
Project("{FAE04EC0-301F-11D3-BF4B-00C04F79EFBC}") = "CSharpClient", "CSharpClient\CSharpClient.csproj", "{DF744CD7-1985-46D1-83B8-569A70B9144F}"
EndProject
Global
	GlobalSection(SolutionConfigurationPlatforms) = preSolution
		Debug|Any CPU = Debug|Any CPU
		Release|Any CPU = Release|Any CPU
	EndGlobalSection
	GlobalSection(ProjectConfigurationPlatforms) = postSolution
		{DF744CD7-1985-46D1-83B8-569A70B9144F}.Debug|Any CPU.ActiveCfg = Debug|Any CPU
		{DF744CD7-1985-46D1-83B8-569A70B9144F}.Debug|Any CPU.Build.0 = Debug|Any CPU
		{DF744CD7-1985-46D1-83B8-569A70B9144F}.Release|Any CPU.ActiveCfg = Release|Any CPU
		{DF744CD7-1985-46D1-83B8-569A70B9144F}.Release|Any CPU.Build.0 = Release|Any CPU
	EndGlobalSection
	GlobalSection(SolutionProperties) = preSolution
		HideSolutionNode = FALSE
	EndGlobalSection
	GlobalSection(ExtensibilityGlobals) = postSolution
		SolutionGuid = {BD7B32F6-D399-4D25-AA69-889767C48669}
	EndGlobalSection
EndGlobal
